// !$*UTF8*$!
{
	archiveVersion = 1;
	classes = {
	};
	objectVersion = 50;
	objects = {

/* Begin PBXBuildFile section */
		2479D8B9444B6D5340ED4542 /* Pods_MarketLeftOver.framework in Frameworks */ = {isa = PBXBuildFile; fileRef = 355D19C989CC06FD401EE1FC /* Pods_MarketLeftOver.framework */; };
		268E4857212896AF008241B8 /* AppDelegate.swift in Sources */ = {isa = PBXBuildFile; fileRef = 268E4856212896AF008241B8 /* AppDelegate.swift */; };
		268E485C212896AF008241B8 /* Main.storyboard in Resources */ = {isa = PBXBuildFile; fileRef = 268E485A212896AF008241B8 /* Main.storyboard */; };
		268E485E212896B3008241B8 /* Assets.xcassets in Resources */ = {isa = PBXBuildFile; fileRef = 268E485D212896B3008241B8 /* Assets.xcassets */; };
		268E4861212896B3008241B8 /* LaunchScreen.storyboard in Resources */ = {isa = PBXBuildFile; fileRef = 268E485F212896B3008241B8 /* LaunchScreen.storyboard */; };
		268E486F21289937008241B8 /* MarketList.storyboard in Resources */ = {isa = PBXBuildFile; fileRef = 268E486E21289937008241B8 /* MarketList.storyboard */; };
		268E4871212899E8008241B8 /* MarketDetails.storyboard in Resources */ = {isa = PBXBuildFile; fileRef = 268E4870212899E8008241B8 /* MarketDetails.storyboard */; };
		268E487321289A05008241B8 /* ProductList.storyboard in Resources */ = {isa = PBXBuildFile; fileRef = 268E487221289A05008241B8 /* ProductList.storyboard */; };
		268E487521289B19008241B8 /* ShoppingCart.storyboard in Resources */ = {isa = PBXBuildFile; fileRef = 268E487421289B19008241B8 /* ShoppingCart.storyboard */; };
		268E487721289E50008241B8 /* Checkout.storyboard in Resources */ = {isa = PBXBuildFile; fileRef = 268E487621289E50008241B8 /* Checkout.storyboard */; };
		268E487A21289EAA008241B8 /* Market.swift in Sources */ = {isa = PBXBuildFile; fileRef = 268E487921289EAA008241B8 /* Market.swift */; };
		268E487C2128A0C0008241B8 /* Product.swift in Sources */ = {isa = PBXBuildFile; fileRef = 268E487B2128A0C0008241B8 /* Product.swift */; };
		268E487E2128A355008241B8 /* Category.swift in Sources */ = {isa = PBXBuildFile; fileRef = 268E487D2128A355008241B8 /* Category.swift */; };
		268E48802128A3D9008241B8 /* ShoppingCart.swift in Sources */ = {isa = PBXBuildFile; fileRef = 268E487F2128A3D9008241B8 /* ShoppingCart.swift */; };
		268E48822128A753008241B8 /* MarketServiceProtocol.swift in Sources */ = {isa = PBXBuildFile; fileRef = 268E48812128A753008241B8 /* MarketServiceProtocol.swift */; };
		268E48842128A93E008241B8 /* ProductServiceProtocol.swift in Sources */ = {isa = PBXBuildFile; fileRef = 268E48832128A93E008241B8 /* ProductServiceProtocol.swift */; };
		268E48882128AAA3008241B8 /* MarketCollectionViewCell.xib in Resources */ = {isa = PBXBuildFile; fileRef = 268E48872128AAA3008241B8 /* MarketCollectionViewCell.xib */; };
		268E488B2128AE46008241B8 /* MarketServiceMock.swift in Sources */ = {isa = PBXBuildFile; fileRef = 268E488A2128AE46008241B8 /* MarketServiceMock.swift */; };
		268E488D2128B27E008241B8 /* ProductServiceMock.swift in Sources */ = {isa = PBXBuildFile; fileRef = 268E488C2128B27E008241B8 /* ProductServiceMock.swift */; };
		268E488F2128B3F7008241B8 /* ServiceFactory.swift in Sources */ = {isa = PBXBuildFile; fileRef = 268E488E2128B3F7008241B8 /* ServiceFactory.swift */; };
		268E48922128C206008241B8 /* UIView.swift in Sources */ = {isa = PBXBuildFile; fileRef = 268E48912128C206008241B8 /* UIView.swift */; };
		268E48952128C4D0008241B8 /* ProductTableViewCell.swift in Sources */ = {isa = PBXBuildFile; fileRef = 268E48942128C4D0008241B8 /* ProductTableViewCell.swift */; };
		268E48972128C7E6008241B8 /* ProductListViewController.swift in Sources */ = {isa = PBXBuildFile; fileRef = 268E48962128C7E6008241B8 /* ProductListViewController.swift */; };
		268E489A2128E9EF008241B8 /* ShoppingCartService.swift in Sources */ = {isa = PBXBuildFile; fileRef = 268E48992128E9EF008241B8 /* ShoppingCartService.swift */; };
		268E489C2128EA0A008241B8 /* ShoppingCartServiceProtocol.swift in Sources */ = {isa = PBXBuildFile; fileRef = 268E489B2128EA0A008241B8 /* ShoppingCartServiceProtocol.swift */; };
		268E489E2128FB18008241B8 /* MarketService.swift in Sources */ = {isa = PBXBuildFile; fileRef = 268E489D2128FB18008241B8 /* MarketService.swift */; };
/* End PBXBuildFile section */

/* Begin PBXFileReference section */
		268E4853212896AF008241B8 /* MarketLeftOver.app */ = {isa = PBXFileReference; explicitFileType = wrapper.application; includeInIndex = 0; path = MarketLeftOver.app; sourceTree = BUILT_PRODUCTS_DIR; };
		268E4856212896AF008241B8 /* AppDelegate.swift */ = {isa = PBXFileReference; lastKnownFileType = sourcecode.swift; path = AppDelegate.swift; sourceTree = "<group>"; };
		268E485B212896AF008241B8 /* Base */ = {isa = PBXFileReference; lastKnownFileType = file.storyboard; name = Base; path = Base.lproj/Main.storyboard; sourceTree = "<group>"; };
		268E485D212896B3008241B8 /* Assets.xcassets */ = {isa = PBXFileReference; lastKnownFileType = folder.assetcatalog; path = Assets.xcassets; sourceTree = "<group>"; };
		268E4860212896B3008241B8 /* Base */ = {isa = PBXFileReference; lastKnownFileType = file.storyboard; name = Base; path = Base.lproj/LaunchScreen.storyboard; sourceTree = "<group>"; };
		268E4862212896B3008241B8 /* Info.plist */ = {isa = PBXFileReference; lastKnownFileType = text.plist.xml; path = Info.plist; sourceTree = "<group>"; };
		268E486E21289937008241B8 /* MarketList.storyboard */ = {isa = PBXFileReference; lastKnownFileType = file.storyboard; path = MarketList.storyboard; sourceTree = "<group>"; };
		268E4870212899E8008241B8 /* MarketDetails.storyboard */ = {isa = PBXFileReference; lastKnownFileType = file.storyboard; path = MarketDetails.storyboard; sourceTree = "<group>"; };
		268E487221289A05008241B8 /* ProductList.storyboard */ = {isa = PBXFileReference; lastKnownFileType = file.storyboard; path = ProductList.storyboard; sourceTree = "<group>"; };
		268E487421289B19008241B8 /* ShoppingCart.storyboard */ = {isa = PBXFileReference; lastKnownFileType = file.storyboard; path = ShoppingCart.storyboard; sourceTree = "<group>"; };
		268E487621289E50008241B8 /* Checkout.storyboard */ = {isa = PBXFileReference; lastKnownFileType = file.storyboard; path = Checkout.storyboard; sourceTree = "<group>"; };
		268E487921289EAA008241B8 /* Market.swift */ = {isa = PBXFileReference; lastKnownFileType = sourcecode.swift; path = Market.swift; sourceTree = "<group>"; };
		268E487B2128A0C0008241B8 /* Product.swift */ = {isa = PBXFileReference; lastKnownFileType = sourcecode.swift; path = Product.swift; sourceTree = "<group>"; };
		268E487D2128A355008241B8 /* Category.swift */ = {isa = PBXFileReference; lastKnownFileType = sourcecode.swift; path = Category.swift; sourceTree = "<group>"; };
		268E487F2128A3D9008241B8 /* ShoppingCart.swift */ = {isa = PBXFileReference; lastKnownFileType = sourcecode.swift; path = ShoppingCart.swift; sourceTree = "<group>"; };
		268E48812128A753008241B8 /* MarketServiceProtocol.swift */ = {isa = PBXFileReference; lastKnownFileType = sourcecode.swift; path = MarketServiceProtocol.swift; sourceTree = "<group>"; };
		268E48832128A93E008241B8 /* ProductServiceProtocol.swift */ = {isa = PBXFileReference; lastKnownFileType = sourcecode.swift; path = ProductServiceProtocol.swift; sourceTree = "<group>"; };
		268E48872128AAA3008241B8 /* MarketCollectionViewCell.xib */ = {isa = PBXFileReference; lastKnownFileType = file.xib; path = MarketCollectionViewCell.xib; sourceTree = "<group>"; };
		268E488A2128AE46008241B8 /* MarketServiceMock.swift */ = {isa = PBXFileReference; lastKnownFileType = sourcecode.swift; path = MarketServiceMock.swift; sourceTree = "<group>"; };
		268E488C2128B27E008241B8 /* ProductServiceMock.swift */ = {isa = PBXFileReference; lastKnownFileType = sourcecode.swift; path = ProductServiceMock.swift; sourceTree = "<group>"; };
		268E488E2128B3F7008241B8 /* ServiceFactory.swift */ = {isa = PBXFileReference; lastKnownFileType = sourcecode.swift; path = ServiceFactory.swift; sourceTree = "<group>"; };
		268E48912128C206008241B8 /* UIView.swift */ = {isa = PBXFileReference; lastKnownFileType = sourcecode.swift; path = UIView.swift; sourceTree = "<group>"; };
		268E48942128C4D0008241B8 /* ProductTableViewCell.swift */ = {isa = PBXFileReference; lastKnownFileType = sourcecode.swift; path = ProductTableViewCell.swift; sourceTree = "<group>"; };
		268E48962128C7E6008241B8 /* ProductListViewController.swift */ = {isa = PBXFileReference; lastKnownFileType = sourcecode.swift; path = ProductListViewController.swift; sourceTree = "<group>"; };
		268E48992128E9EF008241B8 /* ShoppingCartService.swift */ = {isa = PBXFileReference; lastKnownFileType = sourcecode.swift; path = ShoppingCartService.swift; sourceTree = "<group>"; };
		268E489B2128EA0A008241B8 /* ShoppingCartServiceProtocol.swift */ = {isa = PBXFileReference; lastKnownFileType = sourcecode.swift; path = ShoppingCartServiceProtocol.swift; sourceTree = "<group>"; };
		268E489D2128FB18008241B8 /* MarketService.swift */ = {isa = PBXFileReference; lastKnownFileType = sourcecode.swift; path = MarketService.swift; sourceTree = "<group>"; };
		355D19C989CC06FD401EE1FC /* Pods_MarketLeftOver.framework */ = {isa = PBXFileReference; explicitFileType = wrapper.framework; includeInIndex = 0; path = Pods_MarketLeftOver.framework; sourceTree = BUILT_PRODUCTS_DIR; };
		366D5E738716D8BF8422C50A /* Pods-MarketLeftOver.debug.xcconfig */ = {isa = PBXFileReference; includeInIndex = 1; lastKnownFileType = text.xcconfig; name = "Pods-MarketLeftOver.debug.xcconfig"; path = "Pods/Target Support Files/Pods-MarketLeftOver/Pods-MarketLeftOver.debug.xcconfig"; sourceTree = "<group>"; };
		F7E061C99AABFB7214ADDABD /* Pods-MarketLeftOver.release.xcconfig */ = {isa = PBXFileReference; includeInIndex = 1; lastKnownFileType = text.xcconfig; name = "Pods-MarketLeftOver.release.xcconfig"; path = "Pods/Target Support Files/Pods-MarketLeftOver/Pods-MarketLeftOver.release.xcconfig"; sourceTree = "<group>"; };
/* End PBXFileReference section */

/* Begin PBXFrameworksBuildPhase section */
		268E4850212896AF008241B8 /* Frameworks */ = {
			isa = PBXFrameworksBuildPhase;
			buildActionMask = 2147483647;
			files = (
				2479D8B9444B6D5340ED4542 /* Pods_MarketLeftOver.framework in Frameworks */,
			);
			runOnlyForDeploymentPostprocessing = 0;
		};
/* End PBXFrameworksBuildPhase section */

/* Begin PBXGroup section */
		268E484A212896AF008241B8 = {
			isa = PBXGroup;
			children = (
				268E4855212896AF008241B8 /* MarketLeftOver */,
				268E4854212896AF008241B8 /* Products */,
				BDBD7485F27ED4098BAA8B68 /* Pods */,
				594691A83DA73C37CF7D385A /* Frameworks */,
			);
			sourceTree = "<group>";
		};
		268E4854212896AF008241B8 /* Products */ = {
			isa = PBXGroup;
			children = (
				268E4853212896AF008241B8 /* MarketLeftOver.app */,
			);
			name = Products;
			sourceTree = "<group>";
		};
		268E4855212896AF008241B8 /* MarketLeftOver */ = {
			isa = PBXGroup;
			children = (
				268E48902128C1BE008241B8 /* Extension */,
				268E4868212896EC008241B8 /* Business */,
				268E486921289724008241B8 /* Presentation */,
				268E486D21289771008241B8 /* Model */,
				268E4856212896AF008241B8 /* AppDelegate.swift */,
				268E485D212896B3008241B8 /* Assets.xcassets */,
				268E485F212896B3008241B8 /* LaunchScreen.storyboard */,
				268E4862212896B3008241B8 /* Info.plist */,
			);
			path = MarketLeftOver;
			sourceTree = "<group>";
		};
		268E4868212896EC008241B8 /* Business */ = {
			isa = PBXGroup;
			children = (
				268E488E2128B3F7008241B8 /* ServiceFactory.swift */,
				268E48982128E9C3008241B8 /* ServiceImplementation */,
				268E48892128AE12008241B8 /* MockServiceImplementation */,
				268E487821289E81008241B8 /* ServicesProtocols */,
			);
			path = Business;
			sourceTree = "<group>";
		};
		268E486921289724008241B8 /* Presentation */ = {
			isa = PBXGroup;
			children = (
				268E48932128C4A5008241B8 /* Cells */,
				268E486A21289730008241B8 /* ViewController */,
				268E486B2128974B008241B8 /* Storyboard */,
				268E486C21289756008241B8 /* Xibs */,
			);
			path = Presentation;
			sourceTree = "<group>";
		};
		268E486A21289730008241B8 /* ViewController */ = {
			isa = PBXGroup;
			children = (
				268E48962128C7E6008241B8 /* ProductListViewController.swift */,
			);
			path = ViewController;
			sourceTree = "<group>";
		};
		268E486B2128974B008241B8 /* Storyboard */ = {
			isa = PBXGroup;
			children = (
				268E485A212896AF008241B8 /* Main.storyboard */,
				268E486E21289937008241B8 /* MarketList.storyboard */,
				268E4870212899E8008241B8 /* MarketDetails.storyboard */,
				268E487221289A05008241B8 /* ProductList.storyboard */,
				268E487421289B19008241B8 /* ShoppingCart.storyboard */,
				268E487621289E50008241B8 /* Checkout.storyboard */,
			);
			path = Storyboard;
			sourceTree = "<group>";
		};
		268E486C21289756008241B8 /* Xibs */ = {
			isa = PBXGroup;
			children = (
				268E48872128AAA3008241B8 /* MarketCollectionViewCell.xib */,
			);
			path = Xibs;
			sourceTree = "<group>";
		};
		268E486D21289771008241B8 /* Model */ = {
			isa = PBXGroup;
			children = (
				268E487921289EAA008241B8 /* Market.swift */,
				268E487B2128A0C0008241B8 /* Product.swift */,
				268E487D2128A355008241B8 /* Category.swift */,
				268E487F2128A3D9008241B8 /* ShoppingCart.swift */,
			);
			path = Model;
			sourceTree = "<group>";
		};
		268E487821289E81008241B8 /* ServicesProtocols */ = {
			isa = PBXGroup;
			children = (
				268E48812128A753008241B8 /* MarketServiceProtocol.swift */,
				268E48832128A93E008241B8 /* ProductServiceProtocol.swift */,
				268E489B2128EA0A008241B8 /* ShoppingCartServiceProtocol.swift */,
			);
			path = ServicesProtocols;
			sourceTree = "<group>";
		};
		268E48892128AE12008241B8 /* MockServiceImplementation */ = {
			isa = PBXGroup;
			children = (
				268E488A2128AE46008241B8 /* MarketServiceMock.swift */,
				268E488C2128B27E008241B8 /* ProductServiceMock.swift */,
			);
			path = MockServiceImplementation;
			sourceTree = "<group>";
		};
		268E48902128C1BE008241B8 /* Extension */ = {
			isa = PBXGroup;
			children = (
				268E48912128C206008241B8 /* UIView.swift */,
			);
			path = Extension;
			sourceTree = "<group>";
		};
		268E48932128C4A5008241B8 /* Cells */ = {
			isa = PBXGroup;
			children = (
				268E48942128C4D0008241B8 /* ProductTableViewCell.swift */,
			);
			path = Cells;
			sourceTree = "<group>";
		};
		268E48982128E9C3008241B8 /* ServiceImplementation */ = {
			isa = PBXGroup;
			children = (
				268E48992128E9EF008241B8 /* ShoppingCartService.swift */,
				268E489D2128FB18008241B8 /* MarketService.swift */,
			);
			path = ServiceImplementation;
			sourceTree = "<group>";
		};
		594691A83DA73C37CF7D385A /* Frameworks */ = {
			isa = PBXGroup;
			children = (
				355D19C989CC06FD401EE1FC /* Pods_MarketLeftOver.framework */,
			);
			name = Frameworks;
			sourceTree = "<group>";
		};
		BDBD7485F27ED4098BAA8B68 /* Pods */ = {
			isa = PBXGroup;
			children = (
				366D5E738716D8BF8422C50A /* Pods-MarketLeftOver.debug.xcconfig */,
				F7E061C99AABFB7214ADDABD /* Pods-MarketLeftOver.release.xcconfig */,
			);
			name = Pods;
			sourceTree = "<group>";
		};
/* End PBXGroup section */

/* Begin PBXNativeTarget section */
		268E4852212896AF008241B8 /* MarketLeftOver */ = {
			isa = PBXNativeTarget;
			buildConfigurationList = 268E4865212896B3008241B8 /* Build configuration list for PBXNativeTarget "MarketLeftOver" */;
			buildPhases = (
				7B918A0442F3BB91A7BCFE24 /* [CP] Check Pods Manifest.lock */,
				268E484F212896AF008241B8 /* Sources */,
				268E4850212896AF008241B8 /* Frameworks */,
				268E4851212896AF008241B8 /* Resources */,
				7C93D7E41F8673CCD5EF0E0D /* [CP] Embed Pods Frameworks */,
				F60816C0AAD510F44DE6F6DF /* [CP] Copy Pods Resources */,
			);
			buildRules = (
			);
			dependencies = (
			);
			name = MarketLeftOver;
			productName = MarketLeftOver;
			productReference = 268E4853212896AF008241B8 /* MarketLeftOver.app */;
			productType = "com.apple.product-type.application";
		};
/* End PBXNativeTarget section */

/* Begin PBXProject section */
		268E484B212896AF008241B8 /* Project object */ = {
			isa = PBXProject;
			attributes = {
				LastSwiftUpdateCheck = 0940;
				LastUpgradeCheck = 0940;
				ORGANIZATIONNAME = "Alexandre Conti Mestre";
				TargetAttributes = {
					268E4852212896AF008241B8 = {
						CreatedOnToolsVersion = 9.4.1;
					};
				};
			};
			buildConfigurationList = 268E484E212896AF008241B8 /* Build configuration list for PBXProject "MarketLeftOver" */;
			compatibilityVersion = "Xcode 9.3";
			developmentRegion = en;
			hasScannedForEncodings = 0;
			knownRegions = (
				en,
				Base,
			);
			mainGroup = 268E484A212896AF008241B8;
			productRefGroup = 268E4854212896AF008241B8 /* Products */;
			projectDirPath = "";
			projectRoot = "";
			targets = (
				268E4852212896AF008241B8 /* MarketLeftOver */,
			);
		};
/* End PBXProject section */

/* Begin PBXResourcesBuildPhase section */
		268E4851212896AF008241B8 /* Resources */ = {
			isa = PBXResourcesBuildPhase;
			buildActionMask = 2147483647;
			files = (
				268E487721289E50008241B8 /* Checkout.storyboard in Resources */,
				268E487321289A05008241B8 /* ProductList.storyboard in Resources */,
				268E486F21289937008241B8 /* MarketList.storyboard in Resources */,
				268E48882128AAA3008241B8 /* MarketCollectionViewCell.xib in Resources */,
				268E487521289B19008241B8 /* ShoppingCart.storyboard in Resources */,
				268E4861212896B3008241B8 /* LaunchScreen.storyboard in Resources */,
				268E485E212896B3008241B8 /* Assets.xcassets in Resources */,
				268E485C212896AF008241B8 /* Main.storyboard in Resources */,
				268E4871212899E8008241B8 /* MarketDetails.storyboard in Resources */,
			);
			runOnlyForDeploymentPostprocessing = 0;
		};
/* End PBXResourcesBuildPhase section */

/* Begin PBXShellScriptBuildPhase section */
		7B918A0442F3BB91A7BCFE24 /* [CP] Check Pods Manifest.lock */ = {
			isa = PBXShellScriptBuildPhase;
			buildActionMask = 2147483647;
			files = (
			);
			inputPaths = (
				"${PODS_PODFILE_DIR_PATH}/Podfile.lock",
				"${PODS_ROOT}/Manifest.lock",
			);
			name = "[CP] Check Pods Manifest.lock";
			outputPaths = (
				"$(DERIVED_FILE_DIR)/Pods-MarketLeftOver-checkManifestLockResult.txt",
			);
			runOnlyForDeploymentPostprocessing = 0;
			shellPath = /bin/sh;
			shellScript = "diff \"${PODS_PODFILE_DIR_PATH}/Podfile.lock\" \"${PODS_ROOT}/Manifest.lock\" > /dev/null\nif [ $? != 0 ] ; then\n    # print error to STDERR\n    echo \"error: The sandbox is not in sync with the Podfile.lock. Run 'pod install' or update your CocoaPods installation.\" >&2\n    exit 1\nfi\n# This output is used by Xcode 'outputs' to avoid re-running this script phase.\necho \"SUCCESS\" > \"${SCRIPT_OUTPUT_FILE_0}\"\n";
			showEnvVarsInLog = 0;
		};
		7C93D7E41F8673CCD5EF0E0D /* [CP] Embed Pods Frameworks */ = {
			isa = PBXShellScriptBuildPhase;
			buildActionMask = 2147483647;
			files = (
			);
			inputPaths = (
				"${SRCROOT}/Pods/Target Support Files/Pods-MarketLeftOver/Pods-MarketLeftOver-frameworks.sh",
				"${BUILT_PRODUCTS_DIR}/Alamofire/Alamofire.framework",
			);
			name = "[CP] Embed Pods Frameworks";
			outputPaths = (
				"${TARGET_BUILD_DIR}/${FRAMEWORKS_FOLDER_PATH}/Alamofire.framework",
			);
			runOnlyForDeploymentPostprocessing = 0;
			shellPath = /bin/sh;
			shellScript = "\"${SRCROOT}/Pods/Target Support Files/Pods-MarketLeftOver/Pods-MarketLeftOver-frameworks.sh\"\n";
			showEnvVarsInLog = 0;
		};
		F60816C0AAD510F44DE6F6DF /* [CP] Copy Pods Resources */ = {
			isa = PBXShellScriptBuildPhase;
			buildActionMask = 2147483647;
			files = (
			);
			inputPaths = (
			);
			name = "[CP] Copy Pods Resources";
			outputPaths = (
			);
			runOnlyForDeploymentPostprocessing = 0;
			shellPath = /bin/sh;
			shellScript = "\"${SRCROOT}/Pods/Target Support Files/Pods-MarketLeftOver/Pods-MarketLeftOver-resources.sh\"\n";
			showEnvVarsInLog = 0;
		};
/* End PBXShellScriptBuildPhase section */

/* Begin PBXSourcesBuildPhase section */
		268E484F212896AF008241B8 /* Sources */ = {
			isa = PBXSourcesBuildPhase;
			buildActionMask = 2147483647;
			files = (
				268E48802128A3D9008241B8 /* ShoppingCart.swift in Sources */,
				268E4857212896AF008241B8 /* AppDelegate.swift in Sources */,
				268E489C2128EA0A008241B8 /* ShoppingCartServiceProtocol.swift in Sources */,
				268E489E2128FB18008241B8 /* MarketService.swift in Sources */,
				268E48972128C7E6008241B8 /* ProductListViewController.swift in Sources */,
				268E487A21289EAA008241B8 /* Market.swift in Sources */,
				268E48842128A93E008241B8 /* ProductServiceProtocol.swift in Sources */,
				268E48922128C206008241B8 /* UIView.swift in Sources */,
				268E488F2128B3F7008241B8 /* ServiceFactory.swift in Sources */,
				268E48952128C4D0008241B8 /* ProductTableViewCell.swift in Sources */,
				268E48822128A753008241B8 /* MarketServiceProtocol.swift in Sources */,
				268E488B2128AE46008241B8 /* MarketServiceMock.swift in Sources */,
				268E487C2128A0C0008241B8 /* Product.swift in Sources */,
				268E489A2128E9EF008241B8 /* ShoppingCartService.swift in Sources */,
				268E487E2128A355008241B8 /* Category.swift in Sources */,
				268E488D2128B27E008241B8 /* ProductServiceMock.swift in Sources */,
			);
			runOnlyForDeploymentPostprocessing = 0;
		};
/* End PBXSourcesBuildPhase section */

/* Begin PBXVariantGroup section */
		268E485A212896AF008241B8 /* Main.storyboard */ = {
			isa = PBXVariantGroup;
			children = (
				268E485B212896AF008241B8 /* Base */,
			);
			name = Main.storyboard;
			sourceTree = "<group>";
		};
		268E485F212896B3008241B8 /* LaunchScreen.storyboard */ = {
			isa = PBXVariantGroup;
			children = (
				268E4860212896B3008241B8 /* Base */,
			);
			name = LaunchScreen.storyboard;
			sourceTree = "<group>";
		};
/* End PBXVariantGroup section */

/* Begin XCBuildConfiguration section */
		268E4863212896B3008241B8 /* Debug */ = {
			isa = XCBuildConfiguration;
			buildSettings = {
				ALWAYS_SEARCH_USER_PATHS = NO;
				CLANG_ANALYZER_NONNULL = YES;
				CLANG_ANALYZER_NUMBER_OBJECT_CONVERSION = YES_AGGRESSIVE;
				CLANG_CXX_LANGUAGE_STANDARD = "gnu++14";
				CLANG_CXX_LIBRARY = "libc++";
				CLANG_ENABLE_MODULES = YES;
				CLANG_ENABLE_OBJC_ARC = YES;
				CLANG_ENABLE_OBJC_WEAK = YES;
				CLANG_WARN_BLOCK_CAPTURE_AUTORELEASING = YES;
				CLANG_WARN_BOOL_CONVERSION = YES;
				CLANG_WARN_COMMA = YES;
				CLANG_WARN_CONSTANT_CONVERSION = YES;
				CLANG_WARN_DEPRECATED_OBJC_IMPLEMENTATIONS = YES;
				CLANG_WARN_DIRECT_OBJC_ISA_USAGE = YES_ERROR;
				CLANG_WARN_DOCUMENTATION_COMMENTS = YES;
				CLANG_WARN_EMPTY_BODY = YES;
				CLANG_WARN_ENUM_CONVERSION = YES;
				CLANG_WARN_INFINITE_RECURSION = YES;
				CLANG_WARN_INT_CONVERSION = YES;
				CLANG_WARN_NON_LITERAL_NULL_CONVERSION = YES;
				CLANG_WARN_OBJC_IMPLICIT_RETAIN_SELF = YES;
				CLANG_WARN_OBJC_LITERAL_CONVERSION = YES;
				CLANG_WARN_OBJC_ROOT_CLASS = YES_ERROR;
				CLANG_WARN_RANGE_LOOP_ANALYSIS = YES;
				CLANG_WARN_STRICT_PROTOTYPES = YES;
				CLANG_WARN_SUSPICIOUS_MOVE = YES;
				CLANG_WARN_UNGUARDED_AVAILABILITY = YES_AGGRESSIVE;
				CLANG_WARN_UNREACHABLE_CODE = YES;
				CLANG_WARN__DUPLICATE_METHOD_MATCH = YES;
				CODE_SIGN_IDENTITY = "iPhone Developer";
				COPY_PHASE_STRIP = NO;
				DEBUG_INFORMATION_FORMAT = dwarf;
				ENABLE_STRICT_OBJC_MSGSEND = YES;
				ENABLE_TESTABILITY = YES;
				GCC_C_LANGUAGE_STANDARD = gnu11;
				GCC_DYNAMIC_NO_PIC = NO;
				GCC_NO_COMMON_BLOCKS = YES;
				GCC_OPTIMIZATION_LEVEL = 0;
				GCC_PREPROCESSOR_DEFINITIONS = (
					"DEBUG=1",
					"$(inherited)",
				);
				GCC_WARN_64_TO_32_BIT_CONVERSION = YES;
				GCC_WARN_ABOUT_RETURN_TYPE = YES_ERROR;
				GCC_WARN_UNDECLARED_SELECTOR = YES;
				GCC_WARN_UNINITIALIZED_AUTOS = YES_AGGRESSIVE;
				GCC_WARN_UNUSED_FUNCTION = YES;
				GCC_WARN_UNUSED_VARIABLE = YES;
				IPHONEOS_DEPLOYMENT_TARGET = 11.4;
				MTL_ENABLE_DEBUG_INFO = YES;
				ONLY_ACTIVE_ARCH = YES;
				SDKROOT = iphoneos;
				SWIFT_ACTIVE_COMPILATION_CONDITIONS = DEBUG;
				SWIFT_OPTIMIZATION_LEVEL = "-Onone";
			};
			name = Debug;
		};
		268E4864212896B3008241B8 /* Release */ = {
			isa = XCBuildConfiguration;
			buildSettings = {
				ALWAYS_SEARCH_USER_PATHS = NO;
				CLANG_ANALYZER_NONNULL = YES;
				CLANG_ANALYZER_NUMBER_OBJECT_CONVERSION = YES_AGGRESSIVE;
				CLANG_CXX_LANGUAGE_STANDARD = "gnu++14";
				CLANG_CXX_LIBRARY = "libc++";
				CLANG_ENABLE_MODULES = YES;
				CLANG_ENABLE_OBJC_ARC = YES;
				CLANG_ENABLE_OBJC_WEAK = YES;
				CLANG_WARN_BLOCK_CAPTURE_AUTORELEASING = YES;
				CLANG_WARN_BOOL_CONVERSION = YES;
				CLANG_WARN_COMMA = YES;
				CLANG_WARN_CONSTANT_CONVERSION = YES;
				CLANG_WARN_DEPRECATED_OBJC_IMPLEMENTATIONS = YES;
				CLANG_WARN_DIRECT_OBJC_ISA_USAGE = YES_ERROR;
				CLANG_WARN_DOCUMENTATION_COMMENTS = YES;
				CLANG_WARN_EMPTY_BODY = YES;
				CLANG_WARN_ENUM_CONVERSION = YES;
				CLANG_WARN_INFINITE_RECURSION = YES;
				CLANG_WARN_INT_CONVERSION = YES;
				CLANG_WARN_NON_LITERAL_NULL_CONVERSION = YES;
				CLANG_WARN_OBJC_IMPLICIT_RETAIN_SELF = YES;
				CLANG_WARN_OBJC_LITERAL_CONVERSION = YES;
				CLANG_WARN_OBJC_ROOT_CLASS = YES_ERROR;
				CLANG_WARN_RANGE_LOOP_ANALYSIS = YES;
				CLANG_WARN_STRICT_PROTOTYPES = YES;
				CLANG_WARN_SUSPICIOUS_MOVE = YES;
				CLANG_WARN_UNGUARDED_AVAILABILITY = YES_AGGRESSIVE;
				CLANG_WARN_UNREACHABLE_CODE = YES;
				CLANG_WARN__DUPLICATE_METHOD_MATCH = YES;
				CODE_SIGN_IDENTITY = "iPhone Developer";
				COPY_PHASE_STRIP = NO;
				DEBUG_INFORMATION_FORMAT = "dwarf-with-dsym";
				ENABLE_NS_ASSERTIONS = NO;
				ENABLE_STRICT_OBJC_MSGSEND = YES;
				GCC_C_LANGUAGE_STANDARD = gnu11;
				GCC_NO_COMMON_BLOCKS = YES;
				GCC_WARN_64_TO_32_BIT_CONVERSION = YES;
				GCC_WARN_ABOUT_RETURN_TYPE = YES_ERROR;
				GCC_WARN_UNDECLARED_SELECTOR = YES;
				GCC_WARN_UNINITIALIZED_AUTOS = YES_AGGRESSIVE;
				GCC_WARN_UNUSED_FUNCTION = YES;
				GCC_WARN_UNUSED_VARIABLE = YES;
				IPHONEOS_DEPLOYMENT_TARGET = 11.4;
				MTL_ENABLE_DEBUG_INFO = NO;
				SDKROOT = iphoneos;
				SWIFT_COMPILATION_MODE = wholemodule;
				SWIFT_OPTIMIZATION_LEVEL = "-O";
				VALIDATE_PRODUCT = YES;
			};
			name = Release;
		};
		268E4866212896B3008241B8 /* Debug */ = {
			isa = XCBuildConfiguration;
			baseConfigurationReference = 366D5E738716D8BF8422C50A /* Pods-MarketLeftOver.debug.xcconfig */;
			buildSettings = {
				ASSETCATALOG_COMPILER_APPICON_NAME = AppIcon;
				CODE_SIGN_STYLE = Automatic;
				DEVELOPMENT_TEAM = A62VCTXVB8;
				INFOPLIST_FILE = MarketLeftOver/Info.plist;
				LD_RUNPATH_SEARCH_PATHS = (
					"$(inherited)",
					"@executable_path/Frameworks",
				);
				PRODUCT_BUNDLE_IDENTIFIER = br.org.unicamp.alexandremestre.MarketLeftOver;
				PRODUCT_NAME = "$(TARGET_NAME)";
				SWIFT_VERSION = 4.0;
				TARGETED_DEVICE_FAMILY = "1,2";
			};
			name = Debug;
		};
		268E4867212896B3008241B8 /* Release */ = {
			isa = XCBuildConfiguration;
			baseConfigurationReference = F7E061C99AABFB7214ADDABD /* Pods-MarketLeftOver.release.xcconfig */;
			buildSettings = {
				ASSETCATALOG_COMPILER_APPICON_NAME = AppIcon;
				CODE_SIGN_STYLE = Automatic;
				DEVELOPMENT_TEAM = A62VCTXVB8;
				INFOPLIST_FILE = MarketLeftOver/Info.plist;
				LD_RUNPATH_SEARCH_PATHS = (
					"$(inherited)",
					"@executable_path/Frameworks",
				);
				PRODUCT_BUNDLE_IDENTIFIER = br.org.unicamp.alexandremestre.MarketLeftOver;
				PRODUCT_NAME = "$(TARGET_NAME)";
				SWIFT_VERSION = 4.0;
				TARGETED_DEVICE_FAMILY = "1,2";
			};
			name = Release;
		};
/* End XCBuildConfiguration section */

/* Begin XCConfigurationList section */
		268E484E212896AF008241B8 /* Build configuration list for PBXProject "MarketLeftOver" */ = {
			isa = XCConfigurationList;
			buildConfigurations = (
				268E4863212896B3008241B8 /* Debug */,
				268E4864212896B3008241B8 /* Release */,
			);
			defaultConfigurationIsVisible = 0;
			defaultConfigurationName = Release;
		};
		268E4865212896B3008241B8 /* Build configuration list for PBXNativeTarget "MarketLeftOver" */ = {
			isa = XCConfigurationList;
			buildConfigurations = (
				268E4866212896B3008241B8 /* Debug */,
				268E4867212896B3008241B8 /* Release */,
			);
			defaultConfigurationIsVisible = 0;
			defaultConfigurationName = Release;
		};
/* End XCConfigurationList section */
	};
	rootObject = 268E484B212896AF008241B8 /* Project object */;
}
