// !$*UTF8*$!
{
	archiveVersion = 1;
	classes = {
	};
	objectVersion = 50;
	objects = {

/* Begin PBXBuildFile section */
		2479D8B9444B6D5340ED4542 /* (null) in Frameworks */ = {isa = PBXBuildFile; };
		265B49F8212917D500236FEE /* ProductService.swift in Sources */ = {isa = PBXBuildFile; fileRef = 265B49F7212917D500236FEE /* ProductService.swift */; };
		265B49FA2129240800236FEE /* UIView.swift in Sources */ = {isa = PBXBuildFile; fileRef = 265B49F92129240800236FEE /* UIView.swift */; };
		265B49FD2129243A00236FEE /* UITableView.swift in Sources */ = {isa = PBXBuildFile; fileRef = 265B49FC2129243A00236FEE /* UITableView.swift */; };
		268E4857212896AF008241B8 /* AppDelegate.swift in Sources */ = {isa = PBXBuildFile; fileRef = 268E4856212896AF008241B8 /* AppDelegate.swift */; };
		268E485C212896AF008241B8 /* Main.storyboard in Resources */ = {isa = PBXBuildFile; fileRef = 268E485A212896AF008241B8 /* Main.storyboard */; };
		268E485E212896B3008241B8 /* Assets.xcassets in Resources */ = {isa = PBXBuildFile; fileRef = 268E485D212896B3008241B8 /* Assets.xcassets */; };
		268E4861212896B3008241B8 /* LaunchScreen.storyboard in Resources */ = {isa = PBXBuildFile; fileRef = 268E485F212896B3008241B8 /* LaunchScreen.storyboard */; };
		268E486F21289937008241B8 /* MarketList.storyboard in Resources */ = {isa = PBXBuildFile; fileRef = 268E486E21289937008241B8 /* MarketList.storyboard */; };
		268E4871212899E8008241B8 /* MarketDetails.storyboard in Resources */ = {isa = PBXBuildFile; fileRef = 268E4870212899E8008241B8 /* MarketDetails.storyboard */; };
		268E487321289A05008241B8 /* ProductList.storyboard in Resources */ = {isa = PBXBuildFile; fileRef = 268E487221289A05008241B8 /* ProductList.storyboard */; };
		268E487521289B19008241B8 /* ShoppingCart.storyboard in Resources */ = {isa = PBXBuildFile; fileRef = 268E487421289B19008241B8 /* ShoppingCart.storyboard */; };
		268E487721289E50008241B8 /* Checkout.storyboard in Resources */ = {isa = PBXBuildFile; fileRef = 268E487621289E50008241B8 /* Checkout.storyboard */; };
		268E487A21289EAA008241B8 /* Market.swift in Sources */ = {isa = PBXBuildFile; fileRef = 268E487921289EAA008241B8 /* Market.swift */; };
		268E487C2128A0C0008241B8 /* Product.swift in Sources */ = {isa = PBXBuildFile; fileRef = 268E487B2128A0C0008241B8 /* Product.swift */; };
		268E487E2128A355008241B8 /* Category.swift in Sources */ = {isa = PBXBuildFile; fileRef = 268E487D2128A355008241B8 /* Category.swift */; };
		268E48802128A3D9008241B8 /* ShoppingCart.swift in Sources */ = {isa = PBXBuildFile; fileRef = 268E487F2128A3D9008241B8 /* ShoppingCart.swift */; };
		268E48822128A753008241B8 /* MarketServiceProtocol.swift in Sources */ = {isa = PBXBuildFile; fileRef = 268E48812128A753008241B8 /* MarketServiceProtocol.swift */; };
		268E48842128A93E008241B8 /* ProductServiceProtocol.swift in Sources */ = {isa = PBXBuildFile; fileRef = 268E48832128A93E008241B8 /* ProductServiceProtocol.swift */; };
		268E48AB2129014A008241B8 /* ServiceFactory.swift in Sources */ = {isa = PBXBuildFile; fileRef = 268E48A521290149008241B8 /* ServiceFactory.swift */; };
		268E48AC2129014A008241B8 /* ShoppingCartServiceProtocol.swift in Sources */ = {isa = PBXBuildFile; fileRef = 268E48A621290149008241B8 /* ShoppingCartServiceProtocol.swift */; };
		268E48AD2129014A008241B8 /* ProductServiceMock.swift in Sources */ = {isa = PBXBuildFile; fileRef = 268E48A721290149008241B8 /* ProductServiceMock.swift */; };
		268E48AE2129014A008241B8 /* MarketService.swift in Sources */ = {isa = PBXBuildFile; fileRef = 268E48A821290149008241B8 /* MarketService.swift */; };
		268E48AF2129014A008241B8 /* MarketServiceMock.swift in Sources */ = {isa = PBXBuildFile; fileRef = 268E48A921290149008241B8 /* MarketServiceMock.swift */; };
		268E48B02129014A008241B8 /* ShoppingCartService.swift in Sources */ = {isa = PBXBuildFile; fileRef = 268E48AA21290149008241B8 /* ShoppingCartService.swift */; };
		268E48B5212901CF008241B8 /* ProductTableViewCell.swift in Sources */ = {isa = PBXBuildFile; fileRef = 268E48B4212901CF008241B8 /* ProductTableViewCell.swift */; };
		268E48B72129020C008241B8 /* ProductListViewController.swift in Sources */ = {isa = PBXBuildFile; fileRef = 268E48B62129020C008241B8 /* ProductListViewController.swift */; };
		26C446C121290B3200B3FBDE /* APIInfo.swift in Sources */ = {isa = PBXBuildFile; fileRef = 26C446C021290B3200B3FBDE /* APIInfo.swift */; };
		2D7B9993585C75ECB74A5BA3 /* Pods_MarketLeftOver.framework in Frameworks */ = {isa = PBXBuildFile; fileRef = BA486C7A2437D9FF601B94AA /* Pods_MarketLeftOver.framework */; };
		423993AB2128AFC700EE0799 /* Poppins-Medium.otf in Resources */ = {isa = PBXBuildFile; fileRef = 423993A82128AFC600EE0799 /* Poppins-Medium.otf */; };
		423993AC2128AFC700EE0799 /* Poppins-SemiBold.otf in Resources */ = {isa = PBXBuildFile; fileRef = 423993A92128AFC600EE0799 /* Poppins-SemiBold.otf */; };
		423993AD2128AFC700EE0799 /* Poppins-Light.otf in Resources */ = {isa = PBXBuildFile; fileRef = 423993AA2128AFC700EE0799 /* Poppins-Light.otf */; };
		423993B02128B12900EE0799 /* CardView.swift in Sources */ = {isa = PBXBuildFile; fileRef = 423993AF2128B12900EE0799 /* CardView.swift */; };
		423993B72128BDC700EE0799 /* MarketDetailsController.swift in Sources */ = {isa = PBXBuildFile; fileRef = 423993B62128BDC700EE0799 /* MarketDetailsController.swift */; };
		423993BB2128C2BB00EE0799 /* MarketDetailsCollectionCell.swift in Sources */ = {isa = PBXBuildFile; fileRef = 423993BA2128C2BB00EE0799 /* MarketDetailsCollectionCell.swift */; };
		423993BD2128C83C00EE0799 /* MarketDetailsTableCell.swift in Sources */ = {isa = PBXBuildFile; fileRef = 423993BC2128C83C00EE0799 /* MarketDetailsTableCell.swift */; };
		423993BF2128CBE800EE0799 /* MarketListController.swift in Sources */ = {isa = PBXBuildFile; fileRef = 423993BE2128CBE800EE0799 /* MarketListController.swift */; };
		423993C12128CCE600EE0799 /* MarketListCollectionCell.swift in Sources */ = {isa = PBXBuildFile; fileRef = 423993C02128CCE600EE0799 /* MarketListCollectionCell.swift */; };
		423993C32128DBCD00EE0799 /* GradientView.swift in Sources */ = {isa = PBXBuildFile; fileRef = 423993C22128DBCD00EE0799 /* GradientView.swift */; };
		423993C52128DDCD00EE0799 /* CustomLabel.swift in Sources */ = {isa = PBXBuildFile; fileRef = 423993C42128DDCD00EE0799 /* CustomLabel.swift */; };
		423993C72128E02B00EE0799 /* ShoppingCartController.swift in Sources */ = {isa = PBXBuildFile; fileRef = 423993C62128E02B00EE0799 /* ShoppingCartController.swift */; };
		423993C92128E92500EE0799 /* ShoppingCartCell.swift in Sources */ = {isa = PBXBuildFile; fileRef = 423993C82128E92500EE0799 /* ShoppingCartCell.swift */; };
		423993CB2128EDF300EE0799 /* CheckoutController.swift in Sources */ = {isa = PBXBuildFile; fileRef = 423993CA2128EDF300EE0799 /* CheckoutController.swift */; };
		42EA03B8212916460022C5E8 /* FinishedModal.storyboard in Resources */ = {isa = PBXBuildFile; fileRef = 42EA03B7212916460022C5E8 /* FinishedModal.storyboard */; };
		42EA03BA212918530022C5E8 /* FinishedModalController.swift in Sources */ = {isa = PBXBuildFile; fileRef = 42EA03B9212918530022C5E8 /* FinishedModalController.swift */; };
/* End PBXBuildFile section */

/* Begin PBXFileReference section */
		1E3B49743379ACE8A01A9709 /* Pods-MarketLeftOver.release.xcconfig */ = {isa = PBXFileReference; includeInIndex = 1; lastKnownFileType = text.xcconfig; name = "Pods-MarketLeftOver.release.xcconfig"; path = "Pods/Target Support Files/Pods-MarketLeftOver/Pods-MarketLeftOver.release.xcconfig"; sourceTree = "<group>"; };
		265B49F7212917D500236FEE /* ProductService.swift */ = {isa = PBXFileReference; lastKnownFileType = sourcecode.swift; path = ProductService.swift; sourceTree = "<group>"; };
		265B49F92129240800236FEE /* UIView.swift */ = {isa = PBXFileReference; fileEncoding = 4; lastKnownFileType = sourcecode.swift; path = UIView.swift; sourceTree = "<group>"; };
		265B49FC2129243A00236FEE /* UITableView.swift */ = {isa = PBXFileReference; lastKnownFileType = sourcecode.swift; path = UITableView.swift; sourceTree = "<group>"; };
		268E4853212896AF008241B8 /* MarketLeftOver.app */ = {isa = PBXFileReference; explicitFileType = wrapper.application; includeInIndex = 0; path = MarketLeftOver.app; sourceTree = BUILT_PRODUCTS_DIR; };
		268E4856212896AF008241B8 /* AppDelegate.swift */ = {isa = PBXFileReference; lastKnownFileType = sourcecode.swift; path = AppDelegate.swift; sourceTree = "<group>"; };
		268E485B212896AF008241B8 /* Base */ = {isa = PBXFileReference; lastKnownFileType = file.storyboard; name = Base; path = Base.lproj/Main.storyboard; sourceTree = "<group>"; };
		268E485D212896B3008241B8 /* Assets.xcassets */ = {isa = PBXFileReference; lastKnownFileType = folder.assetcatalog; path = Assets.xcassets; sourceTree = "<group>"; };
		268E4860212896B3008241B8 /* Base */ = {isa = PBXFileReference; lastKnownFileType = file.storyboard; name = Base; path = Base.lproj/LaunchScreen.storyboard; sourceTree = "<group>"; };
		268E4862212896B3008241B8 /* Info.plist */ = {isa = PBXFileReference; lastKnownFileType = text.plist.xml; path = Info.plist; sourceTree = "<group>"; };
		268E486E21289937008241B8 /* MarketList.storyboard */ = {isa = PBXFileReference; lastKnownFileType = file.storyboard; path = MarketList.storyboard; sourceTree = "<group>"; };
		268E4870212899E8008241B8 /* MarketDetails.storyboard */ = {isa = PBXFileReference; lastKnownFileType = file.storyboard; path = MarketDetails.storyboard; sourceTree = "<group>"; };
		268E487221289A05008241B8 /* ProductList.storyboard */ = {isa = PBXFileReference; lastKnownFileType = file.storyboard; path = ProductList.storyboard; sourceTree = "<group>"; };
		268E487421289B19008241B8 /* ShoppingCart.storyboard */ = {isa = PBXFileReference; lastKnownFileType = file.storyboard; path = ShoppingCart.storyboard; sourceTree = "<group>"; };
		268E487621289E50008241B8 /* Checkout.storyboard */ = {isa = PBXFileReference; lastKnownFileType = file.storyboard; path = Checkout.storyboard; sourceTree = "<group>"; };
		268E487921289EAA008241B8 /* Market.swift */ = {isa = PBXFileReference; lastKnownFileType = sourcecode.swift; path = Market.swift; sourceTree = "<group>"; };
		268E487B2128A0C0008241B8 /* Product.swift */ = {isa = PBXFileReference; lastKnownFileType = sourcecode.swift; path = Product.swift; sourceTree = "<group>"; };
		268E487D2128A355008241B8 /* Category.swift */ = {isa = PBXFileReference; lastKnownFileType = sourcecode.swift; path = Category.swift; sourceTree = "<group>"; };
		268E487F2128A3D9008241B8 /* ShoppingCart.swift */ = {isa = PBXFileReference; lastKnownFileType = sourcecode.swift; path = ShoppingCart.swift; sourceTree = "<group>"; };
		268E48812128A753008241B8 /* MarketServiceProtocol.swift */ = {isa = PBXFileReference; lastKnownFileType = sourcecode.swift; path = MarketServiceProtocol.swift; sourceTree = "<group>"; };
		268E48832128A93E008241B8 /* ProductServiceProtocol.swift */ = {isa = PBXFileReference; lastKnownFileType = sourcecode.swift; path = ProductServiceProtocol.swift; sourceTree = "<group>"; };
		268E48A521290149008241B8 /* ServiceFactory.swift */ = {isa = PBXFileReference; fileEncoding = 4; lastKnownFileType = sourcecode.swift; path = ServiceFactory.swift; sourceTree = "<group>"; };
		268E48A621290149008241B8 /* ShoppingCartServiceProtocol.swift */ = {isa = PBXFileReference; fileEncoding = 4; lastKnownFileType = sourcecode.swift; path = ShoppingCartServiceProtocol.swift; sourceTree = "<group>"; };
		268E48A721290149008241B8 /* ProductServiceMock.swift */ = {isa = PBXFileReference; fileEncoding = 4; lastKnownFileType = sourcecode.swift; path = ProductServiceMock.swift; sourceTree = "<group>"; };
		268E48A821290149008241B8 /* MarketService.swift */ = {isa = PBXFileReference; fileEncoding = 4; lastKnownFileType = sourcecode.swift; path = MarketService.swift; sourceTree = "<group>"; };
		268E48A921290149008241B8 /* MarketServiceMock.swift */ = {isa = PBXFileReference; fileEncoding = 4; lastKnownFileType = sourcecode.swift; path = MarketServiceMock.swift; sourceTree = "<group>"; };
		268E48AA21290149008241B8 /* ShoppingCartService.swift */ = {isa = PBXFileReference; fileEncoding = 4; lastKnownFileType = sourcecode.swift; path = ShoppingCartService.swift; sourceTree = "<group>"; };
		268E48B4212901CF008241B8 /* ProductTableViewCell.swift */ = {isa = PBXFileReference; fileEncoding = 4; lastKnownFileType = sourcecode.swift; name = ProductTableViewCell.swift; path = MarketLeftOver/Presentation/Cells/ProductTableViewCell.swift; sourceTree = SOURCE_ROOT; };
		268E48B62129020C008241B8 /* ProductListViewController.swift */ = {isa = PBXFileReference; fileEncoding = 4; lastKnownFileType = sourcecode.swift; path = ProductListViewController.swift; sourceTree = "<group>"; };
		26C446C021290B3200B3FBDE /* APIInfo.swift */ = {isa = PBXFileReference; lastKnownFileType = sourcecode.swift; path = APIInfo.swift; sourceTree = "<group>"; };
		423993A82128AFC600EE0799 /* Poppins-Medium.otf */ = {isa = PBXFileReference; lastKnownFileType = file; path = "Poppins-Medium.otf"; sourceTree = "<group>"; };
		423993A92128AFC600EE0799 /* Poppins-SemiBold.otf */ = {isa = PBXFileReference; lastKnownFileType = file; path = "Poppins-SemiBold.otf"; sourceTree = "<group>"; };
		423993AA2128AFC700EE0799 /* Poppins-Light.otf */ = {isa = PBXFileReference; lastKnownFileType = file; path = "Poppins-Light.otf"; sourceTree = "<group>"; };
		423993AF2128B12900EE0799 /* CardView.swift */ = {isa = PBXFileReference; lastKnownFileType = sourcecode.swift; path = CardView.swift; sourceTree = "<group>"; };
		423993B62128BDC700EE0799 /* MarketDetailsController.swift */ = {isa = PBXFileReference; lastKnownFileType = sourcecode.swift; path = MarketDetailsController.swift; sourceTree = "<group>"; };
		423993BA2128C2BB00EE0799 /* MarketDetailsCollectionCell.swift */ = {isa = PBXFileReference; lastKnownFileType = sourcecode.swift; path = MarketDetailsCollectionCell.swift; sourceTree = "<group>"; };
		423993BC2128C83C00EE0799 /* MarketDetailsTableCell.swift */ = {isa = PBXFileReference; lastKnownFileType = sourcecode.swift; path = MarketDetailsTableCell.swift; sourceTree = "<group>"; };
		423993BE2128CBE800EE0799 /* MarketListController.swift */ = {isa = PBXFileReference; lastKnownFileType = sourcecode.swift; path = MarketListController.swift; sourceTree = "<group>"; };
		423993C02128CCE600EE0799 /* MarketListCollectionCell.swift */ = {isa = PBXFileReference; lastKnownFileType = sourcecode.swift; path = MarketListCollectionCell.swift; sourceTree = "<group>"; };
		423993C22128DBCD00EE0799 /* GradientView.swift */ = {isa = PBXFileReference; lastKnownFileType = sourcecode.swift; path = GradientView.swift; sourceTree = "<group>"; };
		423993C42128DDCD00EE0799 /* CustomLabel.swift */ = {isa = PBXFileReference; lastKnownFileType = sourcecode.swift; path = CustomLabel.swift; sourceTree = "<group>"; };
		423993C62128E02B00EE0799 /* ShoppingCartController.swift */ = {isa = PBXFileReference; lastKnownFileType = sourcecode.swift; path = ShoppingCartController.swift; sourceTree = "<group>"; };
		423993C82128E92500EE0799 /* ShoppingCartCell.swift */ = {isa = PBXFileReference; lastKnownFileType = sourcecode.swift; path = ShoppingCartCell.swift; sourceTree = "<group>"; };
		423993CA2128EDF300EE0799 /* CheckoutController.swift */ = {isa = PBXFileReference; lastKnownFileType = sourcecode.swift; path = CheckoutController.swift; sourceTree = "<group>"; };
		42EA03B7212916460022C5E8 /* FinishedModal.storyboard */ = {isa = PBXFileReference; lastKnownFileType = file.storyboard; path = FinishedModal.storyboard; sourceTree = "<group>"; };
		42EA03B9212918530022C5E8 /* FinishedModalController.swift */ = {isa = PBXFileReference; lastKnownFileType = sourcecode.swift; path = FinishedModalController.swift; sourceTree = "<group>"; };
		71176ED03CBCD6DA7FBFE7E3 /* Pods-MarketLeftOver.debug.xcconfig */ = {isa = PBXFileReference; includeInIndex = 1; lastKnownFileType = text.xcconfig; name = "Pods-MarketLeftOver.debug.xcconfig"; path = "Pods/Target Support Files/Pods-MarketLeftOver/Pods-MarketLeftOver.debug.xcconfig"; sourceTree = "<group>"; };
		BA486C7A2437D9FF601B94AA /* Pods_MarketLeftOver.framework */ = {isa = PBXFileReference; explicitFileType = wrapper.framework; includeInIndex = 0; path = Pods_MarketLeftOver.framework; sourceTree = BUILT_PRODUCTS_DIR; };
/* End PBXFileReference section */

/* Begin PBXFrameworksBuildPhase section */
		268E4850212896AF008241B8 /* Frameworks */ = {
			isa = PBXFrameworksBuildPhase;
			buildActionMask = 2147483647;
			files = (
				2479D8B9444B6D5340ED4542 /* (null) in Frameworks */,
				2D7B9993585C75ECB74A5BA3 /* Pods_MarketLeftOver.framework in Frameworks */,
			);
			runOnlyForDeploymentPostprocessing = 0;
		};
/* End PBXFrameworksBuildPhase section */

/* Begin PBXGroup section */
		265B49FB2129242800236FEE /* Extensions */ = {
			isa = PBXGroup;
			children = (
				265B49F92129240800236FEE /* UIView.swift */,
				265B49FC2129243A00236FEE /* UITableView.swift */,
			);
			path = Extensions;
			sourceTree = "<group>";
		};
		268E484A212896AF008241B8 = {
			isa = PBXGroup;
			children = (
				268E4855212896AF008241B8 /* MarketLeftOver */,
				268E4854212896AF008241B8 /* Products */,
				F5DF8D77F27937DE30D18095 /* Pods */,
				D5506105F9EFD1168E0A970F /* Frameworks */,
			);
			sourceTree = "<group>";
		};
		268E4854212896AF008241B8 /* Products */ = {
			isa = PBXGroup;
			children = (
				268E4853212896AF008241B8 /* MarketLeftOver.app */,
			);
			name = Products;
			sourceTree = "<group>";
		};
		268E4855212896AF008241B8 /* MarketLeftOver */ = {
			isa = PBXGroup;
			children = (
				265B49FB2129242800236FEE /* Extensions */,
				268E4868212896EC008241B8 /* Business */,
				268E486921289724008241B8 /* Presentation */,
				268E486D21289771008241B8 /* Model */,
				268E4856212896AF008241B8 /* AppDelegate.swift */,
				423993AA2128AFC700EE0799 /* Poppins-Light.otf */,
				423993A82128AFC600EE0799 /* Poppins-Medium.otf */,
				423993A92128AFC600EE0799 /* Poppins-SemiBold.otf */,
				268E485D212896B3008241B8 /* Assets.xcassets */,
				268E485F212896B3008241B8 /* LaunchScreen.storyboard */,
				268E4862212896B3008241B8 /* Info.plist */,
			);
			path = MarketLeftOver;
			sourceTree = "<group>";
		};
		268E4868212896EC008241B8 /* Business */ = {
			isa = PBXGroup;
			children = (
				268E48A521290149008241B8 /* ServiceFactory.swift */,
				26C446C021290B3200B3FBDE /* APIInfo.swift */,
				268E48B821290264008241B8 /* ServiceImplementation */,
				268E48B12129015F008241B8 /* ServiceImplementationMock */,
				268E487821289E81008241B8 /* ServicesProtocols */,
			);
			path = Business;
			sourceTree = "<group>";
		};
		268E486921289724008241B8 /* Presentation */ = {
			isa = PBXGroup;
			children = (
				268E48B3212901BF008241B8 /* Cells */,
				423993AE2128B11500EE0799 /* View */,
				268E486A21289730008241B8 /* ViewController */,
				268E486B2128974B008241B8 /* Storyboard */,
			);
			path = Presentation;
			sourceTree = "<group>";
		};
		268E486A21289730008241B8 /* ViewController */ = {
			isa = PBXGroup;
			children = (
				268E48B62129020C008241B8 /* ProductListViewController.swift */,
				423993B62128BDC700EE0799 /* MarketDetailsController.swift */,
				423993BE2128CBE800EE0799 /* MarketListController.swift */,
				423993CA2128EDF300EE0799 /* CheckoutController.swift */,
				423993C62128E02B00EE0799 /* ShoppingCartController.swift */,
				42EA03B9212918530022C5E8 /* FinishedModalController.swift */,
			);
			path = ViewController;
			sourceTree = "<group>";
		};
		268E486B2128974B008241B8 /* Storyboard */ = {
			isa = PBXGroup;
			children = (
				268E485A212896AF008241B8 /* Main.storyboard */,
				268E486E21289937008241B8 /* MarketList.storyboard */,
				268E4870212899E8008241B8 /* MarketDetails.storyboard */,
				268E487221289A05008241B8 /* ProductList.storyboard */,
				268E487421289B19008241B8 /* ShoppingCart.storyboard */,
				268E487621289E50008241B8 /* Checkout.storyboard */,
				42EA03B7212916460022C5E8 /* FinishedModal.storyboard */,
			);
			path = Storyboard;
			sourceTree = "<group>";
		};
		268E486D21289771008241B8 /* Model */ = {
			isa = PBXGroup;
			children = (
				268E487921289EAA008241B8 /* Market.swift */,
				268E487B2128A0C0008241B8 /* Product.swift */,
				268E487D2128A355008241B8 /* Category.swift */,
				268E487F2128A3D9008241B8 /* ShoppingCart.swift */,
			);
			path = Model;
			sourceTree = "<group>";
		};
		268E487821289E81008241B8 /* ServicesProtocols */ = {
			isa = PBXGroup;
			children = (
				268E48A621290149008241B8 /* ShoppingCartServiceProtocol.swift */,
				268E48812128A753008241B8 /* MarketServiceProtocol.swift */,
				268E48832128A93E008241B8 /* ProductServiceProtocol.swift */,
			);
			path = ServicesProtocols;
			sourceTree = "<group>";
		};
		268E48B12129015F008241B8 /* ServiceImplementationMock */ = {
			isa = PBXGroup;
			children = (
				268E48A921290149008241B8 /* MarketServiceMock.swift */,
				268E48A721290149008241B8 /* ProductServiceMock.swift */,
			);
			path = ServiceImplementationMock;
			sourceTree = "<group>";
		};
		268E48B3212901BF008241B8 /* Cells */ = {
			isa = PBXGroup;
			children = (
				268E48B4212901CF008241B8 /* ProductTableViewCell.swift */,
				423993BC2128C83C00EE0799 /* MarketDetailsTableCell.swift */,
				423993C82128E92500EE0799 /* ShoppingCartCell.swift */,
				423993C02128CCE600EE0799 /* MarketListCollectionCell.swift */,
				423993BA2128C2BB00EE0799 /* MarketDetailsCollectionCell.swift */,
			);
			name = Cells;
			path = "New Group";
			sourceTree = "<group>";
		};
		268E48B821290264008241B8 /* ServiceImplementation */ = {
			isa = PBXGroup;
			children = (
				268E48A821290149008241B8 /* MarketService.swift */,
				268E48AA21290149008241B8 /* ShoppingCartService.swift */,
				265B49F7212917D500236FEE /* ProductService.swift */,
			);
			path = ServiceImplementation;
			sourceTree = "<group>";
		};
		423993AE2128B11500EE0799 /* View */ = {
			isa = PBXGroup;
			children = (
				423993AF2128B12900EE0799 /* CardView.swift */,
				423993C42128DDCD00EE0799 /* CustomLabel.swift */,
				423993C22128DBCD00EE0799 /* GradientView.swift */,
			);
			path = View;
			sourceTree = "<group>";
		};
		D5506105F9EFD1168E0A970F /* Frameworks */ = {
			isa = PBXGroup;
			children = (
				BA486C7A2437D9FF601B94AA /* Pods_MarketLeftOver.framework */,
			);
			name = Frameworks;
			sourceTree = "<group>";
		};
		F5DF8D77F27937DE30D18095 /* Pods */ = {
			isa = PBXGroup;
			children = (
				71176ED03CBCD6DA7FBFE7E3 /* Pods-MarketLeftOver.debug.xcconfig */,
				1E3B49743379ACE8A01A9709 /* Pods-MarketLeftOver.release.xcconfig */,
			);
			name = Pods;
			sourceTree = "<group>";
		};
/* End PBXGroup section */

/* Begin PBXNativeTarget section */
		268E4852212896AF008241B8 /* MarketLeftOver */ = {
			isa = PBXNativeTarget;
			buildConfigurationList = 268E4865212896B3008241B8 /* Build configuration list for PBXNativeTarget "MarketLeftOver" */;
			buildPhases = (
				7B918A0442F3BB91A7BCFE24 /* [CP] Check Pods Manifest.lock */,
				268E484F212896AF008241B8 /* Sources */,
				268E4850212896AF008241B8 /* Frameworks */,
				268E4851212896AF008241B8 /* Resources */,
				7C93D7E41F8673CCD5EF0E0D /* [CP] Embed Pods Frameworks */,
			);
			buildRules = (
			);
			dependencies = (
			);
			name = MarketLeftOver;
			productName = MarketLeftOver;
			productReference = 268E4853212896AF008241B8 /* MarketLeftOver.app */;
			productType = "com.apple.product-type.application";
		};
/* End PBXNativeTarget section */

/* Begin PBXProject section */
		268E484B212896AF008241B8 /* Project object */ = {
			isa = PBXProject;
			attributes = {
				LastSwiftUpdateCheck = 0940;
				LastUpgradeCheck = 0940;
				ORGANIZATIONNAME = "Alexandre Conti Mestre";
				TargetAttributes = {
					268E4852212896AF008241B8 = {
						CreatedOnToolsVersion = 9.4.1;
					};
				};
			};
			buildConfigurationList = 268E484E212896AF008241B8 /* Build configuration list for PBXProject "MarketLeftOver" */;
			compatibilityVersion = "Xcode 9.3";
			developmentRegion = en;
			hasScannedForEncodings = 0;
			knownRegions = (
				en,
				Base,
			);
			mainGroup = 268E484A212896AF008241B8;
			productRefGroup = 268E4854212896AF008241B8 /* Products */;
			projectDirPath = "";
			projectRoot = "";
			targets = (
				268E4852212896AF008241B8 /* MarketLeftOver */,
			);
		};
/* End PBXProject section */

/* Begin PBXResourcesBuildPhase section */
		268E4851212896AF008241B8 /* Resources */ = {
			isa = PBXResourcesBuildPhase;
			buildActionMask = 2147483647;
			files = (
				268E487721289E50008241B8 /* Checkout.storyboard in Resources */,
				268E487321289A05008241B8 /* ProductList.storyboard in Resources */,
				268E486F21289937008241B8 /* MarketList.storyboard in Resources */,
				423993AB2128AFC700EE0799 /* Poppins-Medium.otf in Resources */,
				268E487521289B19008241B8 /* ShoppingCart.storyboard in Resources */,
				268E4861212896B3008241B8 /* LaunchScreen.storyboard in Resources */,
				423993AC2128AFC700EE0799 /* Poppins-SemiBold.otf in Resources */,
				268E485E212896B3008241B8 /* Assets.xcassets in Resources */,
				268E485C212896AF008241B8 /* Main.storyboard in Resources */,
				423993AD2128AFC700EE0799 /* Poppins-Light.otf in Resources */,
				42EA03B8212916460022C5E8 /* FinishedModal.storyboard in Resources */,
				268E4871212899E8008241B8 /* MarketDetails.storyboard in Resources */,
			);
			runOnlyForDeploymentPostprocessing = 0;
		};
/* End PBXResourcesBuildPhase section */

/* Begin PBXShellScriptBuildPhase section */
		7B918A0442F3BB91A7BCFE24 /* [CP] Check Pods Manifest.lock */ = {
			isa = PBXShellScriptBuildPhase;
			buildActionMask = 2147483647;
			files = (
			);
			inputPaths = (
				"${PODS_PODFILE_DIR_PATH}/Podfile.lock",
				"${PODS_ROOT}/Manifest.lock",
			);
			name = "[CP] Check Pods Manifest.lock";
			outputPaths = (
				"$(DERIVED_FILE_DIR)/Pods-MarketLeftOver-checkManifestLockResult.txt",
			);
			runOnlyForDeploymentPostprocessing = 0;
			shellPath = /bin/sh;
			shellScript = "diff \"${PODS_PODFILE_DIR_PATH}/Podfile.lock\" \"${PODS_ROOT}/Manifest.lock\" > /dev/null\nif [ $? != 0 ] ; then\n    # print error to STDERR\n    echo \"error: The sandbox is not in sync with the Podfile.lock. Run 'pod install' or update your CocoaPods installation.\" >&2\n    exit 1\nfi\n# This output is used by Xcode 'outputs' to avoid re-running this script phase.\necho \"SUCCESS\" > \"${SCRIPT_OUTPUT_FILE_0}\"\n";
			showEnvVarsInLog = 0;
		};
		7C93D7E41F8673CCD5EF0E0D /* [CP] Embed Pods Frameworks */ = {
			isa = PBXShellScriptBuildPhase;
			buildActionMask = 2147483647;
			files = (
			);
			inputPaths = (
				"${SRCROOT}/Pods/Target Support Files/Pods-MarketLeftOver/Pods-MarketLeftOver-frameworks.sh",
				"${BUILT_PRODUCTS_DIR}/Alamofire/Alamofire.framework",
			);
			name = "[CP] Embed Pods Frameworks";
			outputPaths = (
				"${TARGET_BUILD_DIR}/${FRAMEWORKS_FOLDER_PATH}/Alamofire.framework",
			);
			runOnlyForDeploymentPostprocessing = 0;
			shellPath = /bin/sh;
			shellScript = "\"${SRCROOT}/Pods/Target Support Files/Pods-MarketLeftOver/Pods-MarketLeftOver-frameworks.sh\"\n";
			showEnvVarsInLog = 0;
		};
/* End PBXShellScriptBuildPhase section */

/* Begin PBXSourcesBuildPhase section */
		268E484F212896AF008241B8 /* Sources */ = {
			isa = PBXSourcesBuildPhase;
			buildActionMask = 2147483647;
			files = (
				268E48802128A3D9008241B8 /* ShoppingCart.swift in Sources */,
				423993C92128E92500EE0799 /* ShoppingCartCell.swift in Sources */,
				423993C12128CCE600EE0799 /* MarketListCollectionCell.swift in Sources */,
				423993C72128E02B00EE0799 /* ShoppingCartController.swift in Sources */,
				265B49FA2129240800236FEE /* UIView.swift in Sources */,
				423993C32128DBCD00EE0799 /* GradientView.swift in Sources */,
				423993B02128B12900EE0799 /* CardView.swift in Sources */,
				42EA03BA212918530022C5E8 /* FinishedModalController.swift in Sources */,
				268E48AD2129014A008241B8 /* ProductServiceMock.swift in Sources */,
				268E4857212896AF008241B8 /* AppDelegate.swift in Sources */,
				268E48AC2129014A008241B8 /* ShoppingCartServiceProtocol.swift in Sources */,
				268E487A21289EAA008241B8 /* Market.swift in Sources */,
				268E48842128A93E008241B8 /* ProductServiceProtocol.swift in Sources */,
				268E48AE2129014A008241B8 /* MarketService.swift in Sources */,
				268E48B5212901CF008241B8 /* ProductTableViewCell.swift in Sources */,
				265B49F8212917D500236FEE /* ProductService.swift in Sources */,
				423993C52128DDCD00EE0799 /* CustomLabel.swift in Sources */,
				268E48B72129020C008241B8 /* ProductListViewController.swift in Sources */,
				265B49FD2129243A00236FEE /* UITableView.swift in Sources */,
				423993BF2128CBE800EE0799 /* MarketListController.swift in Sources */,
				423993B72128BDC700EE0799 /* MarketDetailsController.swift in Sources */,
				268E48822128A753008241B8 /* MarketServiceProtocol.swift in Sources */,
				268E48AB2129014A008241B8 /* ServiceFactory.swift in Sources */,
				423993BB2128C2BB00EE0799 /* MarketDetailsCollectionCell.swift in Sources */,
				268E487C2128A0C0008241B8 /* Product.swift in Sources */,
				423993CB2128EDF300EE0799 /* CheckoutController.swift in Sources */,
				268E48AF2129014A008241B8 /* MarketServiceMock.swift in Sources */,
				26C446C121290B3200B3FBDE /* APIInfo.swift in Sources */,
				423993BD2128C83C00EE0799 /* MarketDetailsTableCell.swift in Sources */,
				268E487E2128A355008241B8 /* Category.swift in Sources */,
				268E48B02129014A008241B8 /* ShoppingCartService.swift in Sources */,
			);
			runOnlyForDeploymentPostprocessing = 0;
		};
/* End PBXSourcesBuildPhase section */

/* Begin PBXVariantGroup section */
		268E485A212896AF008241B8 /* Main.storyboard */ = {
			isa = PBXVariantGroup;
			children = (
				268E485B212896AF008241B8 /* Base */,
			);
			name = Main.storyboard;
			sourceTree = "<group>";
		};
		268E485F212896B3008241B8 /* LaunchScreen.storyboard */ = {
			isa = PBXVariantGroup;
			children = (
				268E4860212896B3008241B8 /* Base */,
			);
			name = LaunchScreen.storyboard;
			sourceTree = "<group>";
		};
/* End PBXVariantGroup section */

/* Begin XCBuildConfiguration section */
		268E4863212896B3008241B8 /* Debug */ = {
			isa = XCBuildConfiguration;
			buildSettings = {
				ALWAYS_SEARCH_USER_PATHS = NO;
				CLANG_ANALYZER_NONNULL = YES;
				CLANG_ANALYZER_NUMBER_OBJECT_CONVERSION = YES_AGGRESSIVE;
				CLANG_CXX_LANGUAGE_STANDARD = "gnu++14";
				CLANG_CXX_LIBRARY = "libc++";
				CLANG_ENABLE_MODULES = YES;
				CLANG_ENABLE_OBJC_ARC = YES;
				CLANG_ENABLE_OBJC_WEAK = YES;
				CLANG_WARN_BLOCK_CAPTURE_AUTORELEASING = YES;
				CLANG_WARN_BOOL_CONVERSION = YES;
				CLANG_WARN_COMMA = YES;
				CLANG_WARN_CONSTANT_CONVERSION = YES;
				CLANG_WARN_DEPRECATED_OBJC_IMPLEMENTATIONS = YES;
				CLANG_WARN_DIRECT_OBJC_ISA_USAGE = YES_ERROR;
				CLANG_WARN_DOCUMENTATION_COMMENTS = YES;
				CLANG_WARN_EMPTY_BODY = YES;
				CLANG_WARN_ENUM_CONVERSION = YES;
				CLANG_WARN_INFINITE_RECURSION = YES;
				CLANG_WARN_INT_CONVERSION = YES;
				CLANG_WARN_NON_LITERAL_NULL_CONVERSION = YES;
				CLANG_WARN_OBJC_IMPLICIT_RETAIN_SELF = YES;
				CLANG_WARN_OBJC_LITERAL_CONVERSION = YES;
				CLANG_WARN_OBJC_ROOT_CLASS = YES_ERROR;
				CLANG_WARN_RANGE_LOOP_ANALYSIS = YES;
				CLANG_WARN_STRICT_PROTOTYPES = YES;
				CLANG_WARN_SUSPICIOUS_MOVE = YES;
				CLANG_WARN_UNGUARDED_AVAILABILITY = YES_AGGRESSIVE;
				CLANG_WARN_UNREACHABLE_CODE = YES;
				CLANG_WARN__DUPLICATE_METHOD_MATCH = YES;
				CODE_SIGN_IDENTITY = "iPhone Developer";
				COPY_PHASE_STRIP = NO;
				DEBUG_INFORMATION_FORMAT = dwarf;
				ENABLE_STRICT_OBJC_MSGSEND = YES;
				ENABLE_TESTABILITY = YES;
				GCC_C_LANGUAGE_STANDARD = gnu11;
				GCC_DYNAMIC_NO_PIC = NO;
				GCC_NO_COMMON_BLOCKS = YES;
				GCC_OPTIMIZATION_LEVEL = 0;
				GCC_PREPROCESSOR_DEFINITIONS = (
					"DEBUG=1",
					"$(inherited)",
				);
				GCC_WARN_64_TO_32_BIT_CONVERSION = YES;
				GCC_WARN_ABOUT_RETURN_TYPE = YES_ERROR;
				GCC_WARN_UNDECLARED_SELECTOR = YES;
				GCC_WARN_UNINITIALIZED_AUTOS = YES_AGGRESSIVE;
				GCC_WARN_UNUSED_FUNCTION = YES;
				GCC_WARN_UNUSED_VARIABLE = YES;
				IPHONEOS_DEPLOYMENT_TARGET = 11.4;
				MTL_ENABLE_DEBUG_INFO = YES;
				ONLY_ACTIVE_ARCH = YES;
				SDKROOT = iphoneos;
				SWIFT_ACTIVE_COMPILATION_CONDITIONS = DEBUG;
				SWIFT_OPTIMIZATION_LEVEL = "-Onone";
			};
			name = Debug;
		};
		268E4864212896B3008241B8 /* Release */ = {
			isa = XCBuildConfiguration;
			buildSettings = {
				ALWAYS_SEARCH_USER_PATHS = NO;
				CLANG_ANALYZER_NONNULL = YES;
				CLANG_ANALYZER_NUMBER_OBJECT_CONVERSION = YES_AGGRESSIVE;
				CLANG_CXX_LANGUAGE_STANDARD = "gnu++14";
				CLANG_CXX_LIBRARY = "libc++";
				CLANG_ENABLE_MODULES = YES;
				CLANG_ENABLE_OBJC_ARC = YES;
				CLANG_ENABLE_OBJC_WEAK = YES;
				CLANG_WARN_BLOCK_CAPTURE_AUTORELEASING = YES;
				CLANG_WARN_BOOL_CONVERSION = YES;
				CLANG_WARN_COMMA = YES;
				CLANG_WARN_CONSTANT_CONVERSION = YES;
				CLANG_WARN_DEPRECATED_OBJC_IMPLEMENTATIONS = YES;
				CLANG_WARN_DIRECT_OBJC_ISA_USAGE = YES_ERROR;
				CLANG_WARN_DOCUMENTATION_COMMENTS = YES;
				CLANG_WARN_EMPTY_BODY = YES;
				CLANG_WARN_ENUM_CONVERSION = YES;
				CLANG_WARN_INFINITE_RECURSION = YES;
				CLANG_WARN_INT_CONVERSION = YES;
				CLANG_WARN_NON_LITERAL_NULL_CONVERSION = YES;
				CLANG_WARN_OBJC_IMPLICIT_RETAIN_SELF = YES;
				CLANG_WARN_OBJC_LITERAL_CONVERSION = YES;
				CLANG_WARN_OBJC_ROOT_CLASS = YES_ERROR;
				CLANG_WARN_RANGE_LOOP_ANALYSIS = YES;
				CLANG_WARN_STRICT_PROTOTYPES = YES;
				CLANG_WARN_SUSPICIOUS_MOVE = YES;
				CLANG_WARN_UNGUARDED_AVAILABILITY = YES_AGGRESSIVE;
				CLANG_WARN_UNREACHABLE_CODE = YES;
				CLANG_WARN__DUPLICATE_METHOD_MATCH = YES;
				CODE_SIGN_IDENTITY = "iPhone Developer";
				COPY_PHASE_STRIP = NO;
				DEBUG_INFORMATION_FORMAT = "dwarf-with-dsym";
				ENABLE_NS_ASSERTIONS = NO;
				ENABLE_STRICT_OBJC_MSGSEND = YES;
				GCC_C_LANGUAGE_STANDARD = gnu11;
				GCC_NO_COMMON_BLOCKS = YES;
				GCC_WARN_64_TO_32_BIT_CONVERSION = YES;
				GCC_WARN_ABOUT_RETURN_TYPE = YES_ERROR;
				GCC_WARN_UNDECLARED_SELECTOR = YES;
				GCC_WARN_UNINITIALIZED_AUTOS = YES_AGGRESSIVE;
				GCC_WARN_UNUSED_FUNCTION = YES;
				GCC_WARN_UNUSED_VARIABLE = YES;
				IPHONEOS_DEPLOYMENT_TARGET = 11.4;
				MTL_ENABLE_DEBUG_INFO = NO;
				SDKROOT = iphoneos;
				SWIFT_COMPILATION_MODE = wholemodule;
				SWIFT_OPTIMIZATION_LEVEL = "-O";
				VALIDATE_PRODUCT = YES;
			};
			name = Release;
		};
		268E4866212896B3008241B8 /* Debug */ = {
			isa = XCBuildConfiguration;
			baseConfigurationReference = 71176ED03CBCD6DA7FBFE7E3 /* Pods-MarketLeftOver.debug.xcconfig */;
			buildSettings = {
				ASSETCATALOG_COMPILER_APPICON_NAME = AppIcon;
				CODE_SIGN_STYLE = Automatic;
				DEVELOPMENT_TEAM = 7W6V69HBWC;
				INFOPLIST_FILE = MarketLeftOver/Info.plist;
				LD_RUNPATH_SEARCH_PATHS = (
					"$(inherited)",
					"@executable_path/Frameworks",
				);
				PRODUCT_BUNDLE_IDENTIFIER = br.org.unicamp.alexandremestre.MarketLeftOver;
				PRODUCT_NAME = "$(TARGET_NAME)";
				SWIFT_VERSION = 4.0;
				TARGETED_DEVICE_FAMILY = "1,2";
			};
			name = Debug;
		};
		268E4867212896B3008241B8 /* Release */ = {
			isa = XCBuildConfiguration;
			baseConfigurationReference = 1E3B49743379ACE8A01A9709 /* Pods-MarketLeftOver.release.xcconfig */;
			buildSettings = {
				ASSETCATALOG_COMPILER_APPICON_NAME = AppIcon;
				CODE_SIGN_STYLE = Automatic;
				DEVELOPMENT_TEAM = 7W6V69HBWC;
				INFOPLIST_FILE = MarketLeftOver/Info.plist;
				LD_RUNPATH_SEARCH_PATHS = (
					"$(inherited)",
					"@executable_path/Frameworks",
				);
				PRODUCT_BUNDLE_IDENTIFIER = br.org.unicamp.alexandremestre.MarketLeftOver;
				PRODUCT_NAME = "$(TARGET_NAME)";
				SWIFT_VERSION = 4.0;
				TARGETED_DEVICE_FAMILY = "1,2";
			};
			name = Release;
		};
/* End XCBuildConfiguration section */

/* Begin XCConfigurationList section */
		268E484E212896AF008241B8 /* Build configuration list for PBXProject "MarketLeftOver" */ = {
			isa = XCConfigurationList;
			buildConfigurations = (
				268E4863212896B3008241B8 /* Debug */,
				268E4864212896B3008241B8 /* Release */,
			);
			defaultConfigurationIsVisible = 0;
			defaultConfigurationName = Release;
		};
		268E4865212896B3008241B8 /* Build configuration list for PBXNativeTarget "MarketLeftOver" */ = {
			isa = XCConfigurationList;
			buildConfigurations = (
				268E4866212896B3008241B8 /* Debug */,
				268E4867212896B3008241B8 /* Release */,
			);
			defaultConfigurationIsVisible = 0;
			defaultConfigurationName = Release;
		};
/* End XCConfigurationList section */
	};
	rootObject = 268E484B212896AF008241B8 /* Project object */;
}
